
Microsoft Visual Studio Solution File, Format Version 12.00
# Visual Studio Version 17
VisualStudioVersion = 17.5.33516.290
MinimumVisualStudioVersion = 10.0.40219.1
Project("{FAE04EC0-301F-11D3-BF4B-00C04F79EFBC}") = "LabMath8", "LabMath8.csproj", "{1D0F7197-1BDA-45FC-B90D-366B3130BFAC}"
EndProject
Global
	GlobalSection(SolutionConfigurationPlatforms) = preSolution
		Debug|Any CPU = Debug|Any CPU
		Release|Any CPU = Release|Any CPU
	EndGlobalSection
	GlobalSection(ProjectConfigurationPlatforms) = postSolution
		{1D0F7197-1BDA-45FC-B90D-366B3130BFAC}.Debug|Any CPU.ActiveCfg = Debug|Any CPU
		{1D0F7197-1BDA-45FC-B90D-366B3130BFAC}.Debug|Any CPU.Build.0 = Debug|Any CPU
		{1D0F7197-1BDA-45FC-B90D-366B3130BFAC}.Release|Any CPU.ActiveCfg = Release|Any CPU
		{1D0F7197-1BDA-45FC-B90D-366B3130BFAC}.Release|Any CPU.Build.0 = Release|Any CPU
	EndGlobalSection
	GlobalSection(SolutionProperties) = preSolution
		HideSolutionNode = FALSE
	EndGlobalSection
	GlobalSection(ExtensibilityGlobals) = postSolution
		SolutionGuid = {FCAC689E-6B6A-43F6-A47E-871C0D7B20E6}
	EndGlobalSection
EndGlobal
